{
  "nodes": {
    "flake-utils": {
      "locked": {
        "lastModified": 1659877975,
        "narHash": "sha256-zllb8aq3YO3h8B/U0/J1WBgAL8EX5yWf5pMj3G0NAmc=",
        "owner": "numtide",
        "repo": "flake-utils",
        "rev": "c0e246b9b83f637f4681389ecabcb2681b4f3af0",
        "type": "github"
      },
      "original": {
        "owner": "numtide",
        "repo": "flake-utils",
        "type": "github"
      }
    },
    "flake-utils_2": {
      "locked": {
        "lastModified": 1656928814,
        "narHash": "sha256-RIFfgBuKz6Hp89yRr7+NR5tzIAbn52h8vT6vXkYjZoM=",
        "owner": "numtide",
        "repo": "flake-utils",
        "rev": "7e2a3b3dfd9af950a856d66b0a7d01e3c18aa249",
        "type": "github"
      },
      "original": {
        "owner": "numtide",
        "repo": "flake-utils",
        "type": "github"
      }
    },
    "home-manager": {
      "inputs": {
        "nixpkgs": [
          "nome",
          "nixpkgs"
        ],
        "utils": "utils"
      },
      "locked": {
        "lastModified": 1659878744,
        "narHash": "sha256-81a9Mx5pDMBGN4WnVhcQVkW5mXNTZOt8DZOSI8bVKpU=",
        "owner": "nix-community",
        "repo": "home-manager",
        "rev": "f5e9879e74e6202e2dbb3628fad2d20eac0d8be4",
        "type": "github"
      },
      "original": {
        "owner": "nix-community",
        "repo": "home-manager",
        "type": "github"
      }
    },
    "nixpkgs": {
      "locked": {
        "lastModified": 1660665756,
        "narHash": "sha256-5aCl0DeN61xvm/+PJaP+U+r9YQkqueSGIAPIDVZ1+DY=",
        "owner": "NixOS",
        "repo": "nixpkgs",
        "rev": "5a8365bff58e977a7df3f110383e425fae157637",
        "type": "github"
      },
      "original": {
        "owner": "NixOS",
        "repo": "nixpkgs",
        "type": "github"
      }
    },
    "nixpkgs_2": {
      "locked": {
        "lastModified": 1659948629,
        "narHash": "sha256-kZE2uYTPTea0zUuhXe20ZhoH/N1vZ0scUCq0JOUEZOQ=",
        "owner": "NixOS",
        "repo": "nixpkgs",
        "rev": "5ea5ce9de6c52a26a4d4b8e92668935b8f5ce952",
        "type": "github"
      },
      "original": {
        "owner": "NixOS",
        "repo": "nixpkgs",
        "type": "github"
      }
    },
    "nixpkgs_3": {
      "locked": {
        "lastModified": 1659102345,
        "narHash": "sha256-Vbzlz254EMZvn28BhpN8JOi5EuKqnHZ3ujFYgFcSGvk=",
        "owner": "NixOS",
        "repo": "nixpkgs",
        "rev": "11b60e4f80d87794a2a4a8a256391b37c59a1ea7",
        "type": "github"
      },
      "original": {
        "owner": "NixOS",
        "ref": "nixpkgs-unstable",
        "repo": "nixpkgs",
        "type": "github"
      }
    },
    "nome": {
      "inputs": {
        "home-manager": "home-manager",
        "nixpkgs": "nixpkgs_2",
        "rust-overlay": "rust-overlay"
      },
      "locked": {
        "lastModified": 1660665769,
        "narHash": "sha256-NfwCqd8ZP8VnH1bBuwqEsd4SenGDSayYMJzU8USXJqs=",
        "owner": "the-nix-way",
        "repo": "nome",
        "rev": "0de1aa5e5544d819d1270d7df022208b6e2fc7f9",
        "type": "github"
      },
      "original": {
        "owner": "the-nix-way",
        "repo": "nome",
        "type": "github"
      }
    },
    "root": {
      "inputs": {
        "flake-utils": "flake-utils",
        "nixpkgs": "nixpkgs",
        "nome": "nome"
      }
    },
    "rust-overlay": {
      "inputs": {
        "flake-utils": "flake-utils_2",
        "nixpkgs": "nixpkgs_3"
      },
      "locked": {
        "lastModified": 1659926931,
        "narHash": "sha256-aeno3vAJm5ReC2ZCOQoZHDoNsBsqM64HgSWgqhzF6yk=",
        "owner": "oxalica",
        "repo": "rust-overlay",
        "rev": "53f8467a9ef7a49c8729b28660bb83d1a75da508",
        "type": "github"
      },
      "original": {
        "owner": "oxalica",
        "repo": "rust-overlay",
        "type": "github"
      }
    },
    "utils": {
      "locked": {
        "lastModified": 1653893745,
        "narHash": "sha256-0jntwV3Z8//YwuOjzhV2sgJJPt+HY6KhU7VZUL0fKZQ=",
        "owner": "numtide",
        "repo": "flake-utils",
        "rev": "1ed9fb1935d260de5fe1c2f7ee0ebaae17ed2fa1",
        "type": "github"
      },
      "original": {
        "owner": "numtide",
        "repo": "flake-utils",
        "type": "github"
      }
    }
  },
  "root": "root",
  "version": 7
}
