{
  "nodes": {
    "crane": {
      "inputs": {
        "flake-compat": [
          "flake-checker",
          "flake-compat"
        ],
        "flake-utils": [
          "flake-checker",
          "flake-utils"
        ],
        "nixpkgs": [
          "flake-checker",
          "nixpkgs"
        ],
        "rust-overlay": "rust-overlay"
      },
      "locked": {
        "lastModified": 1684468982,
        "narHash": "sha256-EoC1N5sFdmjuAP3UOkyQujSOT6EdcXTnRw8hPjJkEgc=",
        "owner": "ipetkov",
        "repo": "crane",
        "rev": "99de890b6ef4b4aab031582125b6056b792a4a30",
        "type": "github"
      },
      "original": {
        "owner": "ipetkov",
        "repo": "crane",
        "type": "github"
      }
    },
    "fenix": {
      "inputs": {
        "nixpkgs": [
          "fh",
          "nixpkgs"
        ],
        "rust-analyzer-src": "rust-analyzer-src"
      },
      "locked": {
        "narHash": "sha256-0dZpggYjjmWEk+rGixiBHOHuQfLzEzNfrtjSig04s6Q=",
        "rev": "9ccae1754eec0341b640d5705302ac0923d22875",
        "revCount": 1618,
        "type": "tarball",
        "url": "https://api.flakehub.com/f/pinned/nix-community/fenix/0.1.1618%2Brev-9ccae1754eec0341b640d5705302ac0923d22875/018aea4c-03c9-7734-95d5-b84cc8881e3d/source.tar.gz"
      },
      "original": {
        "type": "tarball",
        "url": "https://flakehub.com/f/nix-community/fenix/0.1.1565.tar.gz"
      }
    },
    "fh": {
      "inputs": {
        "fenix": "fenix",
        "flake-compat": "flake-compat",
        "naersk": "naersk",
        "nixpkgs": [
          "nixpkgs"
        ]
      },
      "locked": {
        "narHash": "sha256-Pbw1yggqIzmY23DuxrmSSf9IbOy5olAqVWectq97j20=",
        "rev": "4cd8c02f1fdafceee67602203d9672ae1b256946",
        "revCount": 287,
        "type": "tarball",
        "url": "https://api.flakehub.com/f/pinned/DeterminateSystems/fh/0.1.6/018b00f0-e7c5-7bc1-9eff-4921edc6e8c6/source.tar.gz"
      },
      "original": {
        "type": "tarball",
        "url": "https://flakehub.com/f/DeterminateSystems/fh/%2A.tar.gz"
      }
    },
    "flake-checker": {
      "inputs": {
        "crane": "crane",
        "flake-compat": "flake-compat_2",
        "flake-utils": "flake-utils",
        "nixpkgs": "nixpkgs",
        "rust-overlay": "rust-overlay_2"
      },
      "locked": {
        "narHash": "sha256-vNGiUKwHSmWi/VQDyVW877H+u0pfntVwlOADR7Ju9qM=",
        "rev": "acbcbc0ceec59d8597756296540af7f2786ba53d",
        "revCount": 301,
        "type": "tarball",
        "url": "https://api.flakehub.com/f/pinned/DeterminateSystems/flake-checker/0.1.14/018a3aff-d0b4-7db0-b7f0-da1a48e5942b/source.tar.gz"
      },
      "original": {
        "type": "tarball",
        "url": "https://flakehub.com/f/DeterminateSystems/flake-checker/0.1.%2A.tar.gz"
      }
    },
    "flake-compat": {
      "flake": false,
      "locked": {
        "lastModified": 1696426674,
        "narHash": "sha256-kvjfFW7WAETZlt09AgDn1MrtKzP7t90Vf7vypd3OL1U=",
        "owner": "edolstra",
        "repo": "flake-compat",
        "rev": "0f9255e01c2351cc7d116c072cb317785dd33b33",
        "type": "github"
      },
      "original": {
        "owner": "edolstra",
        "repo": "flake-compat",
        "type": "github"
      }
    },
    "flake-compat_2": {
      "flake": false,
      "locked": {
        "lastModified": 1673956053,
        "narHash": "sha256-4gtG9iQuiKITOjNQQeQIpoIB6b16fm+504Ch3sNKLd8=",
        "owner": "edolstra",
        "repo": "flake-compat",
        "rev": "35bb57c0c8d8b62bbfd284272c928ceb64ddbde9",
        "type": "github"
      },
      "original": {
        "owner": "edolstra",
        "repo": "flake-compat",
        "type": "github"
      }
    },
    "flake-schemas": {
      "locked": {
        "narHash": "sha256-ifw8Td8kD08J8DxFbYjeIx5naHcDLz7s2IFP3X42I/U=",
        "rev": "c702cbb663d6d70bbb716584a2ee3aeb35017279",
        "revCount": 21,
        "type": "tarball",
        "url": "https://api.flakehub.com/f/pinned/DeterminateSystems/flake-schemas/0.1.1/018a4c59-80e1-708a-bb4d-854930c20f72/source.tar.gz"
      },
      "original": {
        "type": "tarball",
        "url": "https://flakehub.com/f/DeterminateSystems/flake-schemas/%2A.tar.gz"
      }
    },
    "flake-utils": {
      "inputs": {
        "systems": "systems"
      },
      "locked": {
        "lastModified": 1681202837,
        "narHash": "sha256-H+Rh19JDwRtpVPAWp64F+rlEtxUWBAQW28eAi3SRSzg=",
        "owner": "numtide",
        "repo": "flake-utils",
        "rev": "cfacdce06f30d2b68473a46042957675eebb3401",
        "type": "github"
      },
      "original": {
        "id": "flake-utils",
        "type": "indirect"
      }
    },
    "flake-utils_2": {
      "inputs": {
        "systems": "systems_2"
      },
      "locked": {
        "lastModified": 1681202837,
        "narHash": "sha256-H+Rh19JDwRtpVPAWp64F+rlEtxUWBAQW28eAi3SRSzg=",
        "owner": "numtide",
        "repo": "flake-utils",
        "rev": "cfacdce06f30d2b68473a46042957675eebb3401",
        "type": "github"
      },
      "original": {
        "owner": "numtide",
        "repo": "flake-utils",
        "type": "github"
      }
    },
    "flake-utils_3": {
      "inputs": {
        "systems": "systems_3"
      },
      "locked": {
        "lastModified": 1681202837,
        "narHash": "sha256-H+Rh19JDwRtpVPAWp64F+rlEtxUWBAQW28eAi3SRSzg=",
        "owner": "numtide",
        "repo": "flake-utils",
        "rev": "cfacdce06f30d2b68473a46042957675eebb3401",
        "type": "github"
      },
      "original": {
        "owner": "numtide",
        "repo": "flake-utils",
        "type": "github"
      }
    },
    "flake-utils_4": {
      "inputs": {
        "systems": "systems_4"
      },
      "locked": {
        "lastModified": 1681202837,
        "narHash": "sha256-H+Rh19JDwRtpVPAWp64F+rlEtxUWBAQW28eAi3SRSzg=",
        "owner": "numtide",
        "repo": "flake-utils",
        "rev": "cfacdce06f30d2b68473a46042957675eebb3401",
        "type": "github"
      },
      "original": {
        "owner": "numtide",
        "repo": "flake-utils",
        "type": "github"
      }
    },
    "home-manager": {
      "inputs": {
        "nixpkgs": [
          "nixpkgs"
        ]
      },
      "locked": {
        "narHash": "sha256-xSjMKdNR+q/3hdSPyg/LUMsZT/WIoUi8dcm5zT4SMUQ=",
        "rev": "68f7d8c0fb0bfc67d1916dd7f06288424360d43a",
        "revCount": 3051,
        "type": "tarball",
        "url": "https://api.flakehub.com/f/pinned/nix-community/home-manager/0.1.3051%2Brev-68f7d8c0fb0bfc67d1916dd7f06288424360d43a/018afe53-8017-7bd3-9bc6-6385382959e5/source.tar.gz"
      },
      "original": {
        "type": "tarball",
        "url": "https://flakehub.com/f/nix-community/home-manager/%2A.tar.gz"
      }
    },
    "naersk": {
      "inputs": {
        "nixpkgs": [
          "fh",
          "nixpkgs"
        ]
      },
      "locked": {
        "lastModified": 1694081375,
        "narHash": "sha256-vzJXOUnmkMCm3xw8yfPP5m8kypQ3BhAIRe4RRCWpzy8=",
        "owner": "nix-community",
        "repo": "naersk",
        "rev": "3f976d822b7b37fc6fb8e6f157c2dd05e7e94e89",
        "type": "github"
      },
      "original": {
        "owner": "nix-community",
        "repo": "naersk",
        "type": "github"
      }
    },
    "nix-darwin": {
      "inputs": {
        "nixpkgs": [
          "nixpkgs"
        ]
      },
      "locked": {
        "lastModified": 1696360011,
        "narHash": "sha256-HpPv27qMuPou4acXcZ8Klm7Zt0Elv9dgDvSJaomWb9Y=",
        "owner": "lnl7",
        "repo": "nix-darwin",
        "rev": "8b6ea26d5d2e8359d06278364f41fbc4b903b28a",
        "type": "github"
      },
      "original": {
        "owner": "lnl7",
        "repo": "nix-darwin",
        "type": "github"
      }
    },
    "nixpkgs": {
      "locked": {
        "lastModified": 1692414505,
        "narHash": "sha256-sSTuyR9JYSxmUcYcj0Jvw1hIq1tz/Canw9mK0hEJvnE=",
        "owner": "NixOS",
        "repo": "nixpkgs",
        "rev": "4cdad15f34e6321a2f789b99d42815b9142ac2ba",
        "type": "github"
      },
      "original": {
        "owner": "NixOS",
        "ref": "nixos-23.05",
        "repo": "nixpkgs",
        "type": "github"
      }
    },
    "nixpkgs_2": {
      "locked": {
        "narHash": "sha256-mnQjUcYgp9Guu3RNVAB2Srr1TqKcPpRXmJf4LJk6KRY=",
        "rev": "fdd898f8f79e8d2f99ed2ab6b3751811ef683242",
        "revCount": 531102,
        "type": "tarball",
        "url": "https://api.flakehub.com/f/pinned/NixOS/nixpkgs/0.1.531102%2Brev-fdd898f8f79e8d2f99ed2ab6b3751811ef683242/018af92d-4afe-74eb-9205-c0d057d7a0e4/source.tar.gz"
      },
      "original": {
        "type": "tarball",
        "url": "https://flakehub.com/f/NixOS/nixpkgs/0.1.%2A.tar.gz"
      }
    },
    "nixpkgs_3": {
      "locked": {
        "lastModified": 1681358109,
        "narHash": "sha256-eKyxW4OohHQx9Urxi7TQlFBTDWII+F+x2hklDOQPB50=",
        "owner": "NixOS",
        "repo": "nixpkgs",
        "rev": "96ba1c52e54e74c3197f4d43026b3f3d92e83ff9",
        "type": "github"
      },
      "original": {
        "owner": "NixOS",
        "ref": "nixpkgs-unstable",
        "repo": "nixpkgs",
        "type": "github"
      }
    },
    "nuenv": {
      "inputs": {
        "nixpkgs": [
          "nixpkgs"
        ],
        "rust-overlay": "rust-overlay_3"
      },
      "locked": {
        "narHash": "sha256-NF5mgnHDy8UXkbYamrxzs6e/VYaOgYDxRPdB8eTIY+w=",
        "rev": "9beb9b3a8c245d56c7882da1c0d443202e96e47c",
        "revCount": 160,
        "type": "tarball",
        "url": "https://api.flakehub.com/f/pinned/DeterminateSystems/nuenv/0.1.160%2Brev-9beb9b3a8c245d56c7882da1c0d443202e96e47c/0189fb87-7845-7d6f-8421-7b0957de85ae/source.tar.gz"
      },
      "original": {
        "type": "tarball",
        "url": "https://flakehub.com/f/DeterminateSystems/nuenv/%2A.tar.gz"
      }
    },
    "root": {
      "inputs": {
        "fh": "fh",
        "flake-checker": "flake-checker",
        "flake-schemas": "flake-schemas",
        "home-manager": "home-manager",
        "nix-darwin": "nix-darwin",
        "nixpkgs": "nixpkgs_2",
        "nuenv": "nuenv",
        "rust-overlay": "rust-overlay_4",
        "uuidv7": "uuidv7"
      }
    },
    "rust-analyzer-src": {
      "flake": false,
      "locked": {
        "lastModified": 1696050837,
        "narHash": "sha256-2K3Aq4gjPZBDnkAMJaMA4ElE+BNbmrqtSBWtt9kPGaM=",
        "owner": "rust-lang",
        "repo": "rust-analyzer",
        "rev": "0840038f02daec6ba3238f05d8caa037d28701a0",
        "type": "github"
      },
      "original": {
        "owner": "rust-lang",
        "ref": "nightly",
        "repo": "rust-analyzer",
        "type": "github"
      }
    },
    "rust-overlay": {
      "inputs": {
        "flake-utils": [
          "flake-checker",
          "crane",
          "flake-utils"
        ],
        "nixpkgs": [
          "flake-checker",
          "crane",
          "nixpkgs"
        ]
      },
      "locked": {
        "lastModified": 1683080331,
        "narHash": "sha256-nGDvJ1DAxZIwdn6ww8IFwzoHb2rqBP4wv/65Wt5vflk=",
        "owner": "oxalica",
        "repo": "rust-overlay",
        "rev": "d59c3fa0cba8336e115b376c2d9e91053aa59e56",
        "type": "github"
      },
      "original": {
        "owner": "oxalica",
        "repo": "rust-overlay",
        "type": "github"
      }
    },
    "rust-overlay_2": {
      "inputs": {
        "flake-utils": [
          "flake-checker",
          "flake-utils"
        ],
        "nixpkgs": [
          "flake-checker",
          "nixpkgs"
        ]
      },
      "locked": {
        "lastModified": 1684808436,
        "narHash": "sha256-WG5LgB1+Oguj4H4Bpqr5GoLSc382LyGlaToiOw5xhwA=",
        "owner": "oxalica",
        "repo": "rust-overlay",
        "rev": "a227d4571dd1f948138a40ea8b0d0c413eefb44b",
        "type": "github"
      },
      "original": {
        "owner": "oxalica",
        "repo": "rust-overlay",
        "type": "github"
      }
    },
    "rust-overlay_3": {
      "inputs": {
        "flake-utils": "flake-utils_2",
        "nixpkgs": [
          "nuenv",
          "nixpkgs"
        ]
      },
      "locked": {
        "lastModified": 1691029059,
        "narHash": "sha256-QwVeE9YTgH3LmL7yw2V/hgswL6yorIvYSp4YGI8lZYM=",
        "owner": "oxalica",
        "repo": "rust-overlay",
        "rev": "99df4908445be37ddb2d332580365fce512a7dcf",
        "type": "github"
      },
      "original": {
        "owner": "oxalica",
        "repo": "rust-overlay",
        "type": "github"
      }
    },
    "rust-overlay_4": {
      "inputs": {
        "flake-utils": "flake-utils_3",
        "nixpkgs": [
          "nixpkgs"
        ]
      },
      "locked": {
        "lastModified": 1696472018,
        "narHash": "sha256-4UFYm7eFyglHjcOpzab9yEIJ79UZJOYAWsi1JQUVfic=",
        "owner": "oxalica",
        "repo": "rust-overlay",
        "rev": "2f7e480f0536114b183fd0371b72678595f855c5",
        "type": "github"
      },
      "original": {
        "owner": "oxalica",
        "repo": "rust-overlay",
        "type": "github"
      }
    },
    "rust-overlay_5": {
      "inputs": {
        "flake-utils": "flake-utils_4",
        "nixpkgs": "nixpkgs_3"
      },
      "locked": {
        "lastModified": 1689302058,
        "narHash": "sha256-yD74lcHTrw4niXcE9goJLbzsgyce48rQQoy5jK5ZK40=",
        "owner": "oxalica",
        "repo": "rust-overlay",
        "rev": "7b8dbbf4c67ed05a9bf3d9e658c12d4108bc24c8",
        "type": "github"
      },
      "original": {
        "owner": "oxalica",
        "repo": "rust-overlay",
        "type": "github"
      }
    },
    "systems": {
      "locked": {
        "lastModified": 1681028828,
        "narHash": "sha256-Vy1rq5AaRuLzOxct8nz4T6wlgyUR7zLU309k9mBC768=",
        "owner": "nix-systems",
        "repo": "default",
        "rev": "da67096a3b9bf56a91d16901293e51ba5b49a27e",
        "type": "github"
      },
      "original": {
        "owner": "nix-systems",
        "repo": "default",
        "type": "github"
      }
    },
    "systems_2": {
      "locked": {
        "lastModified": 1681028828,
        "narHash": "sha256-Vy1rq5AaRuLzOxct8nz4T6wlgyUR7zLU309k9mBC768=",
        "owner": "nix-systems",
        "repo": "default",
        "rev": "da67096a3b9bf56a91d16901293e51ba5b49a27e",
        "type": "github"
      },
      "original": {
        "owner": "nix-systems",
        "repo": "default",
        "type": "github"
      }
    },
    "systems_3": {
      "locked": {
        "lastModified": 1681028828,
        "narHash": "sha256-Vy1rq5AaRuLzOxct8nz4T6wlgyUR7zLU309k9mBC768=",
        "owner": "nix-systems",
        "repo": "default",
        "rev": "da67096a3b9bf56a91d16901293e51ba5b49a27e",
        "type": "github"
      },
      "original": {
        "owner": "nix-systems",
        "repo": "default",
        "type": "github"
      }
    },
    "systems_4": {
      "locked": {
        "lastModified": 1681028828,
        "narHash": "sha256-Vy1rq5AaRuLzOxct8nz4T6wlgyUR7zLU309k9mBC768=",
        "owner": "nix-systems",
        "repo": "default",
        "rev": "da67096a3b9bf56a91d16901293e51ba5b49a27e",
        "type": "github"
      },
      "original": {
        "owner": "nix-systems",
        "repo": "default",
        "type": "github"
      }
    },
    "uuidv7": {
      "inputs": {
        "nixpkgs": [
          "nixpkgs"
        ],
        "rust-overlay": "rust-overlay_5"
      },
      "locked": {
        "lastModified": 1691788579,
        "narHash": "sha256-ESfpjEOB3kKyAqCl2D9bk0NeHToW7gmaJqD/hkhrWak=",
        "ref": "refs/heads/main",
        "rev": "06b3c70eeaacd3e232933a7fbb00c6545f24050f",
        "revCount": 5,
        "type": "git",
        "url": "ssh://git@github.com/DeterminateSystems/uuidv7.git"
      },
      "original": {
        "type": "git",
        "url": "ssh://git@github.com/DeterminateSystems/uuidv7.git"
      }
    }
  },
  "root": "root",
  "version": 7
}
